
Microsoft Visual Studio Solution File, Format Version 12.00
# Visual Studio Version 17
VisualStudioVersion = 17.3.32929.385
MinimumVisualStudioVersion = 10.0.40219.1
Project("{FAE04EC0-301F-11D3-BF4B-00C04F79EFBC}") = "Exe4", "Exe4\Exe4.csproj", "{A8F26A5B-D465-46F1-AFE2-205C35581B19}"
EndProject
Global
	GlobalSection(SolutionConfigurationPlatforms) = preSolution
		Debug|Any CPU = Debug|Any CPU
		Release|Any CPU = Release|Any CPU
	EndGlobalSection
	GlobalSection(ProjectConfigurationPlatforms) = postSolution
		{A8F26A5B-D465-46F1-AFE2-205C35581B19}.Debug|Any CPU.ActiveCfg = Debug|Any CPU
		{A8F26A5B-D465-46F1-AFE2-205C35581B19}.Debug|Any CPU.Build.0 = Debug|Any CPU
		{A8F26A5B-D465-46F1-AFE2-205C35581B19}.Release|Any CPU.ActiveCfg = Release|Any CPU
		{A8F26A5B-D465-46F1-AFE2-205C35581B19}.Release|Any CPU.Build.0 = Release|Any CPU
	EndGlobalSection
	GlobalSection(SolutionProperties) = preSolution
		HideSolutionNode = FALSE
	EndGlobalSection
	GlobalSection(ExtensibilityGlobals) = postSolution
		SolutionGuid = {9039A522-281B-4693-9D4B-96EC2AF84CE3}
	EndGlobalSection
EndGlobal
